
Microsoft Visual Studio Solution File, Format Version 12.00
# Visual Studio Version 17
VisualStudioVersion = 17.11.35222.181
MinimumVisualStudioVersion = 10.0.40219.1
Project("{FAE04EC0-301F-11D3-BF4B-00C04F79EFBC}") = "OMG_Kesmez", "OMG_Kesmez\OMG_Kesmez.csproj", "{81463A6D-88F1-4FA5-8428-51D10AC5A2C1}"
EndProject
Global
	GlobalSection(SolutionConfigurationPlatforms) = preSolution
		Debug|Any CPU = Debug|Any CPU
		Release|Any CPU = Release|Any CPU
	EndGlobalSection
	GlobalSection(ProjectConfigurationPlatforms) = postSolution
		{81463A6D-88F1-4FA5-8428-51D10AC5A2C1}.Debug|Any CPU.ActiveCfg = Debug|Any CPU
		{81463A6D-88F1-4FA5-8428-51D10AC5A2C1}.Debug|Any CPU.Build.0 = Debug|Any CPU
		{81463A6D-88F1-4FA5-8428-51D10AC5A2C1}.Release|Any CPU.ActiveCfg = Release|Any CPU
		{81463A6D-88F1-4FA5-8428-51D10AC5A2C1}.Release|Any CPU.Build.0 = Release|Any CPU
	EndGlobalSection
	GlobalSection(SolutionProperties) = preSolution
		HideSolutionNode = FALSE
	EndGlobalSection
	GlobalSection(ExtensibilityGlobals) = postSolution
		SolutionGuid = {D0EB928B-6580-454E-986A-4FEF12CE0FBA}
	EndGlobalSection
EndGlobal
